<Solution>
  <Folder Name="/Solution Items/">
    <File Path="Directory.Packages.props" />
    <File Path="GitVersion.yml" />
    <File Path="ProjectBuildProperties.targets" />
  </Folder>
  <Project Path="TqkLibrary.Asp.ToolKit.ViewModels/TqkLibrary.Asp.ToolKit.ViewModels.csproj" />
  <Project Path="TqkLibrary.Asp.ToolKit.Integration/TqkLibrary.Asp.ToolKit.Integration.csproj" />
</Solution>
